
Microsoft Visual Studio Solution File, Format Version 12.00
# Visual Studio 15
VisualStudioVersion = 15.0.27004.2008
MinimumVisualStudioVersion = 10.0.40219.1
Project("{FAE04EC0-301F-11D3-BF4B-00C04F79EFBC}") = "ImplicitMapper.Tests", "ImplicitMapper.Tests\ImplicitMapper.Tests.csproj", "{4DA31B7C-6799-48CB-BBE5-D7C86AF20316}"
EndProject
Global
	GlobalSection(SolutionConfigurationPlatforms) = preSolution
		Debug|Any CPU = Debug|Any CPU
		Release|Any CPU = Release|Any CPU
	EndGlobalSection
	GlobalSection(ProjectConfigurationPlatforms) = postSolution
		{4DA31B7C-6799-48CB-BBE5-D7C86AF20316}.Debug|Any CPU.ActiveCfg = Debug|Any CPU
		{4DA31B7C-6799-48CB-BBE5-D7C86AF20316}.Debug|Any CPU.Build.0 = Debug|Any CPU
		{4DA31B7C-6799-48CB-BBE5-D7C86AF20316}.Release|Any CPU.ActiveCfg = Release|Any CPU
		{4DA31B7C-6799-48CB-BBE5-D7C86AF20316}.Release|Any CPU.Build.0 = Release|Any CPU
	EndGlobalSection
	GlobalSection(SolutionProperties) = preSolution
		HideSolutionNode = FALSE
	EndGlobalSection
	GlobalSection(ExtensibilityGlobals) = postSolution
		SolutionGuid = {5E57A628-9B88-4F5F-874C-B9341AF02D66}
	EndGlobalSection
EndGlobal
